// !$*UTF8*$!
{
	archiveVersion = 1;
	classes = {
	};
	objectVersion = 46;
	objects = {

/* Begin PBXBuildFile section */
		E084C2921EF11578006A83E4 /* main.m in Sources */ = {isa = PBXBuildFile; fileRef = E084C2911EF11578006A83E4 /* main.m */; };
		E084C2951EF11578006A83E4 /* AppDelegate.m in Sources */ = {isa = PBXBuildFile; fileRef = E084C2941EF11578006A83E4 /* AppDelegate.m */; };
		E084C2981EF11578006A83E4 /* ViewController.m in Sources */ = {isa = PBXBuildFile; fileRef = E084C2971EF11578006A83E4 /* ViewController.m */; };
		E084C29B1EF11578006A83E4 /* Main.storyboard in Resources */ = {isa = PBXBuildFile; fileRef = E084C2991EF11578006A83E4 /* Main.storyboard */; };
		E084C29D1EF11578006A83E4 /* Assets.xcassets in Resources */ = {isa = PBXBuildFile; fileRef = E084C29C1EF11578006A83E4 /* Assets.xcassets */; };
		E084C2A01EF11578006A83E4 /* LaunchScreen.storyboard in Resources */ = {isa = PBXBuildFile; fileRef = E084C29E1EF11578006A83E4 /* LaunchScreen.storyboard */; };
		E0998B341EF25BCE003590AB /* BIZGrid4plus1CollectionViewLayout.m in Sources */ = {isa = PBXBuildFile; fileRef = E0998B2D1EF25BCE003590AB /* BIZGrid4plus1CollectionViewLayout.m */; };
		E0998B3C1EF25C0E003590AB /* PhotoSelection.m in Sources */ = {isa = PBXBuildFile; fileRef = E0998B3A1EF25C0E003590AB /* PhotoSelection.m */; };
		E0998B3D1EF25C0E003590AB /* PhotoSelection.xib in Resources */ = {isa = PBXBuildFile; fileRef = E0998B3B1EF25C0E003590AB /* PhotoSelection.xib */; };
		E0998B411EF25C89003590AB /* CreolePhotoSelection.m in Sources */ = {isa = PBXBuildFile; fileRef = E0998B3F1EF25C89003590AB /* CreolePhotoSelection.m */; };
		E0998B421EF25C89003590AB /* CreolePhotoSelection.xib in Resources */ = {isa = PBXBuildFile; fileRef = E0998B401EF25C89003590AB /* CreolePhotoSelection.xib */; };
/* End PBXBuildFile section */

/* Begin PBXFileReference section */
		E084C28D1EF11578006A83E4 /* CreolePhotoSelection.app */ = {isa = PBXFileReference; explicitFileType = wrapper.application; includeInIndex = 0; path = CreolePhotoSelection.app; sourceTree = BUILT_PRODUCTS_DIR; };
		E084C2911EF11578006A83E4 /* main.m */ = {isa = PBXFileReference; lastKnownFileType = sourcecode.c.objc; path = main.m; sourceTree = "<group>"; };
		E084C2931EF11578006A83E4 /* AppDelegate.h */ = {isa = PBXFileReference; lastKnownFileType = sourcecode.c.h; path = AppDelegate.h; sourceTree = "<group>"; };
		E084C2941EF11578006A83E4 /* AppDelegate.m */ = {isa = PBXFileReference; lastKnownFileType = sourcecode.c.objc; path = AppDelegate.m; sourceTree = "<group>"; };
		E084C2961EF11578006A83E4 /* ViewController.h */ = {isa = PBXFileReference; lastKnownFileType = sourcecode.c.h; path = ViewController.h; sourceTree = "<group>"; };
		E084C2971EF11578006A83E4 /* ViewController.m */ = {isa = PBXFileReference; lastKnownFileType = sourcecode.c.objc; path = ViewController.m; sourceTree = "<group>"; };
		E084C29A1EF11578006A83E4 /* Base */ = {isa = PBXFileReference; lastKnownFileType = file.storyboard; name = Base; path = Base.lproj/Main.storyboard; sourceTree = "<group>"; };
		E084C29C1EF11578006A83E4 /* Assets.xcassets */ = {isa = PBXFileReference; lastKnownFileType = folder.assetcatalog; path = Assets.xcassets; sourceTree = "<group>"; };
		E084C29F1EF11578006A83E4 /* Base */ = {isa = PBXFileReference; lastKnownFileType = file.storyboard; name = Base; path = Base.lproj/LaunchScreen.storyboard; sourceTree = "<group>"; };
		E084C2A11EF11578006A83E4 /* Info.plist */ = {isa = PBXFileReference; lastKnownFileType = text.plist.xml; path = Info.plist; sourceTree = "<group>"; };
		E0998B2C1EF25BCE003590AB /* BIZGrid4plus1CollectionViewLayout.h */ = {isa = PBXFileReference; fileEncoding = 4; lastKnownFileType = sourcecode.c.h; path = BIZGrid4plus1CollectionViewLayout.h; sourceTree = "<group>"; };
		E0998B2D1EF25BCE003590AB /* BIZGrid4plus1CollectionViewLayout.m */ = {isa = PBXFileReference; fileEncoding = 4; lastKnownFileType = sourcecode.c.objc; path = BIZGrid4plus1CollectionViewLayout.m; sourceTree = "<group>"; };
		E0998B391EF25C0E003590AB /* PhotoSelection.h */ = {isa = PBXFileReference; fileEncoding = 4; lastKnownFileType = sourcecode.c.h; path = PhotoSelection.h; sourceTree = "<group>"; };
		E0998B3A1EF25C0E003590AB /* PhotoSelection.m */ = {isa = PBXFileReference; fileEncoding = 4; lastKnownFileType = sourcecode.c.objc; path = PhotoSelection.m; sourceTree = "<group>"; };
		E0998B3B1EF25C0E003590AB /* PhotoSelection.xib */ = {isa = PBXFileReference; fileEncoding = 4; lastKnownFileType = file.xib; path = PhotoSelection.xib; sourceTree = "<group>"; };
		E0998B3E1EF25C89003590AB /* CreolePhotoSelection.h */ = {isa = PBXFileReference; fileEncoding = 4; lastKnownFileType = sourcecode.c.h; path = CreolePhotoSelection.h; sourceTree = "<group>"; };
		E0998B3F1EF25C89003590AB /* CreolePhotoSelection.m */ = {isa = PBXFileReference; fileEncoding = 4; lastKnownFileType = sourcecode.c.objc; path = CreolePhotoSelection.m; sourceTree = "<group>"; };
		E0998B401EF25C89003590AB /* CreolePhotoSelection.xib */ = {isa = PBXFileReference; fileEncoding = 4; lastKnownFileType = file.xib; path = CreolePhotoSelection.xib; sourceTree = "<group>"; };
/* End PBXFileReference section */

/* Begin PBXFrameworksBuildPhase section */
		E084C28A1EF11578006A83E4 /* Frameworks */ = {
			isa = PBXFrameworksBuildPhase;
			buildActionMask = 2147483647;
			files = (
			);
			runOnlyForDeploymentPostprocessing = 0;
		};
/* End PBXFrameworksBuildPhase section */

/* Begin PBXGroup section */
		E084C2841EF11578006A83E4 = {
			isa = PBXGroup;
			children = (
				E084C28F1EF11578006A83E4 /* CreolePhotoSelection */,
				E084C28E1EF11578006A83E4 /* Products */,
			);
			sourceTree = "<group>";
		};
		E084C28E1EF11578006A83E4 /* Products */ = {
			isa = PBXGroup;
			children = (
				E084C28D1EF11578006A83E4 /* CreolePhotoSelection.app */,
			);
			name = Products;
			sourceTree = "<group>";
		};
		E084C28F1EF11578006A83E4 /* CreolePhotoSelection */ = {
			isa = PBXGroup;
			children = (
				E0998B2B1EF25BCE003590AB /* CreolePhotoCollection */,
				E084C2931EF11578006A83E4 /* AppDelegate.h */,
				E084C2941EF11578006A83E4 /* AppDelegate.m */,
				E084C2961EF11578006A83E4 /* ViewController.h */,
				E084C2971EF11578006A83E4 /* ViewController.m */,
				E084C2991EF11578006A83E4 /* Main.storyboard */,
				E084C29C1EF11578006A83E4 /* Assets.xcassets */,
				E084C29E1EF11578006A83E4 /* LaunchScreen.storyboard */,
				E084C2A11EF11578006A83E4 /* Info.plist */,
				E084C2901EF11578006A83E4 /* Supporting Files */,
			);
			path = CreolePhotoSelection;
			sourceTree = "<group>";
		};
		E084C2901EF11578006A83E4 /* Supporting Files */ = {
			isa = PBXGroup;
			children = (
				E084C2911EF11578006A83E4 /* main.m */,
			);
			name = "Supporting Files";
			sourceTree = "<group>";
		};
		E0998B2B1EF25BCE003590AB /* CreolePhotoCollection */ = {
			isa = PBXGroup;
			children = (
				E0998B2C1EF25BCE003590AB /* BIZGrid4plus1CollectionViewLayout.h */,
				E0998B2D1EF25BCE003590AB /* BIZGrid4plus1CollectionViewLayout.m */,
				E0998B391EF25C0E003590AB /* PhotoSelection.h */,
				E0998B3A1EF25C0E003590AB /* PhotoSelection.m */,
				E0998B3B1EF25C0E003590AB /* PhotoSelection.xib */,
				E0998B3E1EF25C89003590AB /* CreolePhotoSelection.h */,
				E0998B3F1EF25C89003590AB /* CreolePhotoSelection.m */,
				E0998B401EF25C89003590AB /* CreolePhotoSelection.xib */,
			);
			path = CreolePhotoCollection;
			sourceTree = "<group>";
		};
/* End PBXGroup section */

/* Begin PBXNativeTarget section */
		E084C28C1EF11578006A83E4 /* CreolePhotoSelection */ = {
			isa = PBXNativeTarget;
			buildConfigurationList = E084C2A41EF11578006A83E4 /* Build configuration list for PBXNativeTarget "CreolePhotoSelection" */;
			buildPhases = (
				E084C2891EF11578006A83E4 /* Sources */,
				E084C28A1EF11578006A83E4 /* Frameworks */,
				E084C28B1EF11578006A83E4 /* Resources */,
			);
			buildRules = (
			);
			dependencies = (
			);
			name = CreolePhotoSelection;
			productName = CreolePhotoSelection;
			productReference = E084C28D1EF11578006A83E4 /* CreolePhotoSelection.app */;
			productType = "com.apple.product-type.application";
		};
/* End PBXNativeTarget section */

/* Begin PBXProject section */
		E084C2851EF11578006A83E4 /* Project object */ = {
			isa = PBXProject;
			attributes = {
				LastUpgradeCheck = 0830;
				ORGANIZATIONNAME = CreoleStudios;
				TargetAttributes = {
					E084C28C1EF11578006A83E4 = {
						CreatedOnToolsVersion = 8.3.2;
						ProvisioningStyle = Automatic;
					};
				};
			};
			buildConfigurationList = E084C2881EF11578006A83E4 /* Build configuration list for PBXProject "CreolePhotoSelection" */;
			compatibilityVersion = "Xcode 3.2";
			developmentRegion = English;
			hasScannedForEncodings = 0;
			knownRegions = (
				en,
				Base,
			);
			mainGroup = E084C2841EF11578006A83E4;
			productRefGroup = E084C28E1EF11578006A83E4 /* Products */;
			projectDirPath = "";
			projectRoot = "";
			targets = (
				E084C28C1EF11578006A83E4 /* CreolePhotoSelection */,
			);
		};
/* End PBXProject section */

/* Begin PBXResourcesBuildPhase section */
		E084C28B1EF11578006A83E4 /* Resources */ = {
			isa = PBXResourcesBuildPhase;
			buildActionMask = 2147483647;
			files = (
				E084C2A01EF11578006A83E4 /* LaunchScreen.storyboard in Resources */,
				E0998B3D1EF25C0E003590AB /* PhotoSelection.xib in Resources */,
				E0998B421EF25C89003590AB /* CreolePhotoSelection.xib in Resources */,
				E084C29D1EF11578006A83E4 /* Assets.xcassets in Resources */,
				E084C29B1EF11578006A83E4 /* Main.storyboard in Resources */,
			);
			runOnlyForDeploymentPostprocessing = 0;
		};
/* End PBXResourcesBuildPhase section */

/* Begin PBXSourcesBuildPhase section */
		E084C2891EF11578006A83E4 /* Sources */ = {
			isa = PBXSourcesBuildPhase;
			buildActionMask = 2147483647;
			files = (
				E084C2981EF11578006A83E4 /* ViewController.m in Sources */,
				E0998B3C1EF25C0E003590AB /* PhotoSelection.m in Sources */,
				E084C2951EF11578006A83E4 /* AppDelegate.m in Sources */,
				E0998B411EF25C89003590AB /* CreolePhotoSelection.m in Sources */,
				E0998B341EF25BCE003590AB /* BIZGrid4plus1CollectionViewLayout.m in Sources */,
				E084C2921EF11578006A83E4 /* main.m in Sources */,
			);
			runOnlyForDeploymentPostprocessing = 0;
		};
/* End PBXSourcesBuildPhase section */

/* Begin PBXVariantGroup section */
		E084C2991EF11578006A83E4 /* Main.storyboard */ = {
			isa = PBXVariantGroup;
			children = (
				E084C29A1EF11578006A83E4 /* Base */,
			);
			name = Main.storyboard;
			sourceTree = "<group>";
		};
		E084C29E1EF11578006A83E4 /* LaunchScreen.storyboard */ = {
			isa = PBXVariantGroup;
			children = (
				E084C29F1EF11578006A83E4 /* Base */,
			);
			name = LaunchScreen.storyboard;
			sourceTree = "<group>";
		};
/* End PBXVariantGroup section */

/* Begin XCBuildConfiguration section */
		E084C2A21EF11578006A83E4 /* Debug */ = {
			isa = XCBuildConfiguration;
			buildSettings = {
				ALWAYS_SEARCH_USER_PATHS = NO;
				CLANG_ANALYZER_NONNULL = YES;
				CLANG_ANALYZER_NUMBER_OBJECT_CONVERSION = YES_AGGRESSIVE;
				CLANG_CXX_LANGUAGE_STANDARD = "gnu++0x";
				CLANG_CXX_LIBRARY = "libc++";
				CLANG_ENABLE_MODULES = YES;
				CLANG_ENABLE_OBJC_ARC = YES;
				CLANG_WARN_BOOL_CONVERSION = YES;
				CLANG_WARN_CONSTANT_CONVERSION = YES;
				CLANG_WARN_DIRECT_OBJC_ISA_USAGE = YES_ERROR;
				CLANG_WARN_DOCUMENTATION_COMMENTS = YES;
				CLANG_WARN_EMPTY_BODY = YES;
				CLANG_WARN_ENUM_CONVERSION = YES;
				CLANG_WARN_INFINITE_RECURSION = YES;
				CLANG_WARN_INT_CONVERSION = YES;
				CLANG_WARN_OBJC_ROOT_CLASS = YES_ERROR;
				CLANG_WARN_SUSPICIOUS_MOVE = YES;
				CLANG_WARN_UNREACHABLE_CODE = YES;
				CLANG_WARN__DUPLICATE_METHOD_MATCH = YES;
				"CODE_SIGN_IDENTITY[sdk=iphoneos*]" = "iPhone Developer";
				COPY_PHASE_STRIP = NO;
				DEBUG_INFORMATION_FORMAT = dwarf;
				ENABLE_STRICT_OBJC_MSGSEND = YES;
				ENABLE_TESTABILITY = YES;
				GCC_C_LANGUAGE_STANDARD = gnu99;
				GCC_DYNAMIC_NO_PIC = NO;
				GCC_NO_COMMON_BLOCKS = YES;
				GCC_OPTIMIZATION_LEVEL = 0;
				GCC_PREPROCESSOR_DEFINITIONS = (
					"DEBUG=1",
					"$(inherited)",
				);
				GCC_WARN_64_TO_32_BIT_CONVERSION = YES;
				GCC_WARN_ABOUT_RETURN_TYPE = YES_ERROR;
				GCC_WARN_UNDECLARED_SELECTOR = YES;
				GCC_WARN_UNINITIALIZED_AUTOS = YES_AGGRESSIVE;
				GCC_WARN_UNUSED_FUNCTION = YES;
				GCC_WARN_UNUSED_VARIABLE = YES;
				IPHONEOS_DEPLOYMENT_TARGET = 10.3;
				MTL_ENABLE_DEBUG_INFO = YES;
				ONLY_ACTIVE_ARCH = YES;
				SDKROOT = iphoneos;
			};
			name = Debug;
		};
		E084C2A31EF11578006A83E4 /* Release */ = {
			isa = XCBuildConfiguration;
			buildSettings = {
				ALWAYS_SEARCH_USER_PATHS = NO;
				CLANG_ANALYZER_NONNULL = YES;
				CLANG_ANALYZER_NUMBER_OBJECT_CONVERSION = YES_AGGRESSIVE;
				CLANG_CXX_LANGUAGE_STANDARD = "gnu++0x";
				CLANG_CXX_LIBRARY = "libc++";
				CLANG_ENABLE_MODULES = YES;
				CLANG_ENABLE_OBJC_ARC = YES;
				CLANG_WARN_BOOL_CONVERSION = YES;
				CLANG_WARN_CONSTANT_CONVERSION = YES;
				CLANG_WARN_DIRECT_OBJC_ISA_USAGE = YES_ERROR;
				CLANG_WARN_DOCUMENTATION_COMMENTS = YES;
				CLANG_WARN_EMPTY_BODY = YES;
				CLANG_WARN_ENUM_CONVERSION = YES;
				CLANG_WARN_INFINITE_RECURSION = YES;
				CLANG_WARN_INT_CONVERSION = YES;
				CLANG_WARN_OBJC_ROOT_CLASS = YES_ERROR;
				CLANG_WARN_SUSPICIOUS_MOVE = YES;
				CLANG_WARN_UNREACHABLE_CODE = YES;
				CLANG_WARN__DUPLICATE_METHOD_MATCH = YES;
				"CODE_SIGN_IDENTITY[sdk=iphoneos*]" = "iPhone Developer";
				COPY_PHASE_STRIP = NO;
				DEBUG_INFORMATION_FORMAT = "dwarf-with-dsym";
				ENABLE_NS_ASSERTIONS = NO;
				ENABLE_STRICT_OBJC_MSGSEND = YES;
				GCC_C_LANGUAGE_STANDARD = gnu99;
				GCC_NO_COMMON_BLOCKS = YES;
				GCC_WARN_64_TO_32_BIT_CONVERSION = YES;
				GCC_WARN_ABOUT_RETURN_TYPE = YES_ERROR;
				GCC_WARN_UNDECLARED_SELECTOR = YES;
				GCC_WARN_UNINITIALIZED_AUTOS = YES_AGGRESSIVE;
				GCC_WARN_UNUSED_FUNCTION = YES;
				GCC_WARN_UNUSED_VARIABLE = YES;
				IPHONEOS_DEPLOYMENT_TARGET = 10.3;
				MTL_ENABLE_DEBUG_INFO = NO;
				SDKROOT = iphoneos;
				VALIDATE_PRODUCT = YES;
			};
			name = Release;
		};
		E084C2A51EF11578006A83E4 /* Debug */ = {
			isa = XCBuildConfiguration;
			buildSettings = {
				ASSETCATALOG_COMPILER_APPICON_NAME = AppIcon;
				INFOPLIST_FILE = CreolePhotoSelection/Info.plist;
				LD_RUNPATH_SEARCH_PATHS = "$(inherited) @executable_path/Frameworks";
				PRODUCT_BUNDLE_IDENTIFIER = com.CreolePhotoSelection;
				PRODUCT_NAME = "$(TARGET_NAME)";
			};
			name = Debug;
		};
		E084C2A61EF11578006A83E4 /* Release */ = {
			isa = XCBuildConfiguration;
			buildSettings = {
				ASSETCATALOG_COMPILER_APPICON_NAME = AppIcon;
				INFOPLIST_FILE = CreolePhotoSelection/Info.plist;
				LD_RUNPATH_SEARCH_PATHS = "$(inherited) @executable_path/Frameworks";
				PRODUCT_BUNDLE_IDENTIFIER = com.CreolePhotoSelection;
				PRODUCT_NAME = "$(TARGET_NAME)";
			};
			name = Release;
		};
/* End XCBuildConfiguration section */

/* Begin XCConfigurationList section */
		E084C2881EF11578006A83E4 /* Build configuration list for PBXProject "CreolePhotoSelection" */ = {
			isa = XCConfigurationList;
			buildConfigurations = (
				E084C2A21EF11578006A83E4 /* Debug */,
				E084C2A31EF11578006A83E4 /* Release */,
			);
			defaultConfigurationIsVisible = 0;
			defaultConfigurationName = Release;
		};
		E084C2A41EF11578006A83E4 /* Build configuration list for PBXNativeTarget "CreolePhotoSelection" */ = {
			isa = XCConfigurationList;
			buildConfigurations = (
				E084C2A51EF11578006A83E4 /* Debug */,
				E084C2A61EF11578006A83E4 /* Release */,
			);
			defaultConfigurationIsVisible = 0;
			defaultConfigurationName = Release;
		};
/* End XCConfigurationList section */
	};
	rootObject = E084C2851EF11578006A83E4 /* Project object */;
}
